
Microsoft Visual Studio Solution File, Format Version 12.00
Project("{FAE04EC0-301F-11D3-BF4B-00C04F79EFBC}") = "PAWS", "PAWS\PAWS.csproj", "{F1BC5206-27BF-477B-A082-4311561649ED}"
EndProject
Global
	GlobalSection(SolutionConfigurationPlatforms) = preSolution
		Debug|Any CPU = Debug|Any CPU
		Release|Any CPU = Release|Any CPU
	EndGlobalSection
	GlobalSection(ProjectConfigurationPlatforms) = postSolution
		{F1BC5206-27BF-477B-A082-4311561649ED}.Debug|Any CPU.ActiveCfg = Debug|Any CPU
		{F1BC5206-27BF-477B-A082-4311561649ED}.Debug|Any CPU.Build.0 = Debug|Any CPU
		{F1BC5206-27BF-477B-A082-4311561649ED}.Release|Any CPU.ActiveCfg = Release|Any CPU
		{F1BC5206-27BF-477B-A082-4311561649ED}.Release|Any CPU.Build.0 = Release|Any CPU
	EndGlobalSection
EndGlobal
